<?xml version="1.0" encoding="utf-8"?>
<Project ToolsVersion="4.0" xmlns="http://schemas.microsoft.com/developer/msbuild/2003">
  <ItemGroup>
    <Filter Include="Source Files">
      <UniqueIdentifier>{4FC737F1-C7A5-4376-A066-2A32D752A2FF}</UniqueIdentifier>
      <Extensions>cpp;c;cc;cxx;c++;cppm;ixx;def;odl;idl;hpj;bat;asm;asmx</Extensions>
    </Filter>
    <Filter Include="Header Files">
      <UniqueIdentifier>{93995380-89BD-4b04-88EB-625FBE52EBFB}</UniqueIdentifier>
      <Extensions>h;hh;hpp;hxx;h++;hm;inl;inc;ipp;xsd</Extensions>
    </Filter>
    <Filter Include="Resource Files">
      <UniqueIdentifier>{67DA6AB6-F800-4c08-8B7A-83BB121AAD01}</UniqueIdentifier>
      <Extensions>rc;ico;cur;bmp;dlg;rc2;rct;bin;rgs;gif;jpg;jpeg;jpe;resx;tiff;tif;png;wav;mfcribbon-ms</Extensions>
    </Filter>
    <Filter Include="shok">
      <UniqueIdentifier>{7ad01b2a-adbd-4258-bc71-1270c3a75ae3}</UniqueIdentifier>
    </Filter>
    <Filter Include="shok\entitytype">
      <UniqueIdentifier>{1218f708-974a-4dd5-93c6-293dada7f382}</UniqueIdentifier>
    </Filter>
    <Filter Include="shok\entity">
      <UniqueIdentifier>{bbf8e01b-4712-43f3-99a2-0b28acd49d2c}</UniqueIdentifier>
    </Filter>
    <Filter Include="shok\events">
      <UniqueIdentifier>{772cebac-6898-460f-aa0d-bfff4d515106}</UniqueIdentifier>
    </Filter>
    <Filter Include="shok\effect">
      <UniqueIdentifier>{67a56991-4893-4063-b849-dab4a302cb31}</UniqueIdentifier>
    </Filter>
    <Filter Include="shok\player">
      <UniqueIdentifier>{8dac7673-600f-4fbf-a555-ee8af0e0d717}</UniqueIdentifier>
    </Filter>
  </ItemGroup>
  <ItemGroup>
    <ClInclude Include="framework.h">
      <Filter>Header Files</Filter>
    </ClInclude>
    <ClInclude Include="pch.h">
      <Filter>Header Files</Filter>
    </ClInclude>
    <ClInclude Include="luaimport.h">
      <Filter>Header Files</Filter>
    </ClInclude>
    <ClInclude Include="s5data.h">
      <Filter>Header Files</Filter>
    </ClInclude>
    <ClInclude Include="luaext.h">
      <Filter>Header Files</Filter>
    </ClInclude>
    <ClInclude Include="l_mem.h">
      <Filter>Header Files</Filter>
    </ClInclude>
    <ClInclude Include="l_api.h">
      <Filter>Header Files</Filter>
    </ClInclude>
    <ClInclude Include="l_effect.h">
      <Filter>Header Files</Filter>
    </ClInclude>
    <ClInclude Include="l_combat.h">
      <Filter>Header Files</Filter>
    </ClInclude>
    <ClInclude Include="l_entity.h">
      <Filter>Header Files</Filter>
    </ClInclude>
    <ClInclude Include="l_entitytype.h">
      <Filter>Header Files</Filter>
    </ClInclude>
    <ClInclude Include="l_logic.h">
      <Filter>Header Files</Filter>
    </ClInclude>
    <ClInclude Include="l_tech.h">
      <Filter>Header Files</Filter>
    </ClInclude>
    <ClInclude Include="l_ua.h">
      <Filter>Header Files</Filter>
    </ClInclude>
    <ClInclude Include="s5globalObjects.h">
      <Filter>Header Files</Filter>
    </ClInclude>
    <ClInclude Include="s5tech.h">
      <Filter>Header Files</Filter>
    </ClInclude>
    <ClInclude Include="s5widget.h">
      <Filter>Header Files</Filter>
    </ClInclude>
    <ClInclude Include="l_ui.h">
      <Filter>Header Files</Filter>
    </ClInclude>
    <ClInclude Include="s5framework.h">
      <Filter>Header Files</Filter>
    </ClInclude>
    <ClInclude Include="s5tasklist.h">
      <Filter>Header Files</Filter>
    </ClInclude>
    <ClInclude Include="resource.h">
      <Filter>Header Files</Filter>
    </ClInclude>
    <ClInclude Include="s5classfactory.h">
      <Filter>Header Files</Filter>
    </ClInclude>
    <ClInclude Include="entityiterator.h">
      <Filter>Header Files</Filter>
    </ClInclude>
    <ClInclude Include="s5sound.h">
      <Filter>Header Files</Filter>
    </ClInclude>
    <ClInclude Include="s5ui.h">
      <Filter>Header Files</Filter>
    </ClInclude>
    <ClInclude Include="s5RWEngine.h">
      <Filter>Header Files</Filter>
    </ClInclude>
    <ClInclude Include="Luapp\constexprTypename.h">
      <Filter>Header Files</Filter>
    </ClInclude>
    <ClInclude Include="Luapp\luapp50.h">
      <Filter>Header Files</Filter>
    </ClInclude>
    <ClInclude Include="lua50\lauxlib.h">
      <Filter>Header Files</Filter>
    </ClInclude>
    <ClInclude Include="lua50\lua.h">
      <Filter>Header Files</Filter>
    </ClInclude>
    <ClInclude Include="lua50\lualib.h">
      <Filter>Header Files</Filter>
    </ClInclude>
    <ClInclude Include="s5_mem.h">
      <Filter>shok</Filter>
    </ClInclude>
    <ClInclude Include="s5_datastructures.h">
      <Filter>shok</Filter>
    </ClInclude>
    <ClInclude Include="s5_forwardDecls.h">
      <Filter>shok</Filter>
    </ClInclude>
    <ClInclude Include="s5_behaviorProps.h">
      <Filter>shok\entitytype</Filter>
    </ClInclude>
    <ClInclude Include="s5_defines.h">
      <Filter>shok</Filter>
    </ClInclude>
    <ClInclude Include="s5_entitytype.h">
      <Filter>shok\entitytype</Filter>
    </ClInclude>
    <ClInclude Include="s5_behaviors.h">
      <Filter>shok\entity</Filter>
    </ClInclude>
    <ClInclude Include="s5_entity.h">
      <Filter>shok\entity</Filter>
    </ClInclude>
    <ClInclude Include="s5_entitydisplay.h">
      <Filter>shok\entity</Filter>
    </ClInclude>
    <ClInclude Include="s5_events.h">
      <Filter>shok\events</Filter>
    </ClInclude>
    <ClInclude Include="s5_netevents.h">
      <Filter>shok\events</Filter>
    </ClInclude>
    <ClInclude Include="s5effects.h">
      <Filter>shok\effect</Filter>
    </ClInclude>
    <ClInclude Include="s5player.h">
      <Filter>shok\player</Filter>
    </ClInclude>
  </ItemGroup>
  <ItemGroup>
    <ClCompile Include="dllmain.cpp">
      <Filter>Source Files</Filter>
    </ClCompile>
    <ClCompile Include="pch.cpp">
      <Filter>Source Files</Filter>
    </ClCompile>
    <ClCompile Include="luaext.cpp">
      <Filter>Source Files</Filter>
    </ClCompile>
    <ClCompile Include="s5data.cpp">
      <Filter>Source Files</Filter>
    </ClCompile>
    <ClCompile Include="l_mem.cpp">
      <Filter>Source Files</Filter>
    </ClCompile>
    <ClCompile Include="l_api.cpp">
      <Filter>Source Files</Filter>
    </ClCompile>
    <ClCompile Include="l_effect.cpp">
      <Filter>Source Files</Filter>
    </ClCompile>
    <ClCompile Include="l_combat.cpp">
      <Filter>Source Files</Filter>
    </ClCompile>
    <ClCompile Include="l_entity.cpp">
      <Filter>Source Files</Filter>
    </ClCompile>
    <ClCompile Include="l_entitytype.cpp">
      <Filter>Source Files</Filter>
    </ClCompile>
    <ClCompile Include="l_logic.cpp">
      <Filter>Source Files</Filter>
    </ClCompile>
    <ClCompile Include="l_tech.cpp">
      <Filter>Source Files</Filter>
    </ClCompile>
    <ClCompile Include="l_ua.cpp">
      <Filter>Source Files</Filter>
    </ClCompile>
    <ClCompile Include="s5globalObjects.cpp">
      <Filter>Source Files</Filter>
    </ClCompile>
    <ClCompile Include="s5widget.cpp">
      <Filter>Source Files</Filter>
    </ClCompile>
    <ClCompile Include="l_ui.cpp">
      <Filter>Source Files</Filter>
    </ClCompile>
    <ClCompile Include="s5tech.cpp">
      <Filter>Source Files</Filter>
    </ClCompile>
    <ClCompile Include="s5framework.cpp">
      <Filter>Source Files</Filter>
    </ClCompile>
    <ClCompile Include="s5tasklist.cpp">
      <Filter>Source Files</Filter>
    </ClCompile>
    <ClCompile Include="s5classfactory.cpp">
      <Filter>Source Files</Filter>
    </ClCompile>
    <ClCompile Include="entityiterator.cpp">
      <Filter>Source Files</Filter>
    </ClCompile>
    <ClCompile Include="s5sound.cpp">
      <Filter>Source Files</Filter>
    </ClCompile>
    <ClCompile Include="s5ui.cpp">
      <Filter>Source Files</Filter>
    </ClCompile>
    <ClCompile Include="Luapp\luapp50.cpp">
      <Filter>Source Files</Filter>
    </ClCompile>
    <ClCompile Include="s5_datastructures.cpp">
      <Filter>shok</Filter>
    </ClCompile>
    <ClCompile Include="s5_mem.cpp">
      <Filter>shok</Filter>
    </ClCompile>
    <ClCompile Include="s5_behaviorProps.cpp">
      <Filter>shok\entitytype</Filter>
    </ClCompile>
    <ClCompile Include="s5_entitytype.cpp">
      <Filter>shok\entitytype</Filter>
    </ClCompile>
    <ClCompile Include="s5_behaviors.cpp">
      <Filter>shok\entity</Filter>
    </ClCompile>
    <ClCompile Include="s5_entity.cpp">
      <Filter>shok\entity</Filter>
    </ClCompile>
    <ClCompile Include="s5_entitydisplay.cpp">
      <Filter>shok\entity</Filter>
    </ClCompile>
    <ClCompile Include="s5_events.cpp">
      <Filter>shok\events</Filter>
    </ClCompile>
    <ClCompile Include="s5_netevents.cpp">
      <Filter>shok\events</Filter>
    </ClCompile>
    <ClCompile Include="s5effects.cpp">
      <Filter>shok\effect</Filter>
    </ClCompile>
    <ClCompile Include="s5player.cpp">
      <Filter>shok\player</Filter>
    </ClCompile>
  </ItemGroup>
  <ItemGroup>
    <None Include="Source.def">
      <Filter>Source Files</Filter>
    </None>
    <None Include="CppLogic.lua" />
  </ItemGroup>
  <ItemGroup>
    <Library Include="lua50\S5Lua5.lib" />
  </ItemGroup>
  <ItemGroup>
    <ResourceCompile Include="Resource.rc">
      <Filter>Resource Files</Filter>
    </ResourceCompile>
  </ItemGroup>
</Project>