<?xml version="1.0" encoding="utf-8"?>
<Project ToolsVersion="4.0" xmlns="http://schemas.microsoft.com/developer/msbuild/2003">
  <ItemGroup>
    <Filter Include="Source Files">
      <UniqueIdentifier>{4FC737F1-C7A5-4376-A066-2A32D752A2FF}</UniqueIdentifier>
      <Extensions>cpp;c;cc;cxx;c++;cppm;ixx;def;odl;idl;hpj;bat;asm;asmx</Extensions>
    </Filter>
    <Filter Include="Header Files">
      <UniqueIdentifier>{93995380-89BD-4b04-88EB-625FBE52EBFB}</UniqueIdentifier>
      <Extensions>h;hh;hpp;hxx;h++;hm;inl;inc;ipp;xsd</Extensions>
    </Filter>
    <Filter Include="Resource Files">
      <UniqueIdentifier>{67DA6AB6-F800-4c08-8B7A-83BB121AAD01}</UniqueIdentifier>
      <Extensions>rc;ico;cur;bmp;dlg;rc2;rct;bin;rgs;gif;jpg;jpeg;jpe;resx;tiff;tif;png;wav;mfcribbon-ms</Extensions>
    </Filter>
  </ItemGroup>
  <ItemGroup>
    <ClInclude Include="framework.h">
      <Filter>Header Files</Filter>
    </ClInclude>
    <ClInclude Include="pch.h">
      <Filter>Header Files</Filter>
    </ClInclude>
    <ClInclude Include="lua\lauxlib.h">
      <Filter>Header Files</Filter>
    </ClInclude>
    <ClInclude Include="lua\lua.h">
      <Filter>Header Files</Filter>
    </ClInclude>
    <ClInclude Include="lua\lualib.h">
      <Filter>Header Files</Filter>
    </ClInclude>
    <ClInclude Include="luaimport.h">
      <Filter>Header Files</Filter>
    </ClInclude>
    <ClInclude Include="s5data.h">
      <Filter>Header Files</Filter>
    </ClInclude>
    <ClInclude Include="luaext.h">
      <Filter>Header Files</Filter>
    </ClInclude>
    <ClInclude Include="l_mem.h">
      <Filter>Header Files</Filter>
    </ClInclude>
    <ClInclude Include="l_api.h">
      <Filter>Header Files</Filter>
    </ClInclude>
    <ClInclude Include="l_effect.h">
      <Filter>Header Files</Filter>
    </ClInclude>
    <ClInclude Include="l_combat.h">
      <Filter>Header Files</Filter>
    </ClInclude>
    <ClInclude Include="l_entity.h">
      <Filter>Header Files</Filter>
    </ClInclude>
    <ClInclude Include="l_entitytype.h">
      <Filter>Header Files</Filter>
    </ClInclude>
    <ClInclude Include="l_logic.h">
      <Filter>Header Files</Filter>
    </ClInclude>
    <ClInclude Include="l_tech.h">
      <Filter>Header Files</Filter>
    </ClInclude>
    <ClInclude Include="l_ua.h">
      <Filter>Header Files</Filter>
    </ClInclude>
    <ClInclude Include="s5behaviorProps.h">
      <Filter>Header Files</Filter>
    </ClInclude>
    <ClInclude Include="s5entitytype.h">
      <Filter>Header Files</Filter>
    </ClInclude>
    <ClInclude Include="s5behaviors.h">
      <Filter>Header Files</Filter>
    </ClInclude>
    <ClInclude Include="s5entity.h">
      <Filter>Header Files</Filter>
    </ClInclude>
    <ClInclude Include="s5defines.h">
      <Filter>Header Files</Filter>
    </ClInclude>
    <ClInclude Include="s5events.h">
      <Filter>Header Files</Filter>
    </ClInclude>
    <ClInclude Include="s5effects.h">
      <Filter>Header Files</Filter>
    </ClInclude>
    <ClInclude Include="s5globalObjects.h">
      <Filter>Header Files</Filter>
    </ClInclude>
    <ClInclude Include="s5player.h">
      <Filter>Header Files</Filter>
    </ClInclude>
    <ClInclude Include="s5tech.h">
      <Filter>Header Files</Filter>
    </ClInclude>
    <ClInclude Include="s5widget.h">
      <Filter>Header Files</Filter>
    </ClInclude>
    <ClInclude Include="l_ui.h">
      <Filter>Header Files</Filter>
    </ClInclude>
    <ClInclude Include="s5framework.h">
      <Filter>Header Files</Filter>
    </ClInclude>
    <ClInclude Include="s5tasklist.h">
      <Filter>Header Files</Filter>
    </ClInclude>
    <ClInclude Include="resource.h">
      <Filter>Header Files</Filter>
    </ClInclude>
    <ClInclude Include="s5classfactory.h">
      <Filter>Header Files</Filter>
    </ClInclude>
    <ClInclude Include="entityiterator.h">
      <Filter>Header Files</Filter>
    </ClInclude>
    <ClInclude Include="s5sound.h">
      <Filter>Header Files</Filter>
    </ClInclude>
    <ClInclude Include="s5ui.h">
      <Filter>Header Files</Filter>
    </ClInclude>
    <ClInclude Include="s5RWEngine.h">
      <Filter>Header Files</Filter>
    </ClInclude>
  </ItemGroup>
  <ItemGroup>
    <ClCompile Include="dllmain.cpp">
      <Filter>Source Files</Filter>
    </ClCompile>
    <ClCompile Include="pch.cpp">
      <Filter>Source Files</Filter>
    </ClCompile>
    <ClCompile Include="luaext.cpp">
      <Filter>Source Files</Filter>
    </ClCompile>
    <ClCompile Include="s5data.cpp">
      <Filter>Source Files</Filter>
    </ClCompile>
    <ClCompile Include="l_mem.cpp">
      <Filter>Source Files</Filter>
    </ClCompile>
    <ClCompile Include="l_api.cpp">
      <Filter>Source Files</Filter>
    </ClCompile>
    <ClCompile Include="l_effect.cpp">
      <Filter>Source Files</Filter>
    </ClCompile>
    <ClCompile Include="l_combat.cpp">
      <Filter>Source Files</Filter>
    </ClCompile>
    <ClCompile Include="l_entity.cpp">
      <Filter>Source Files</Filter>
    </ClCompile>
    <ClCompile Include="l_entitytype.cpp">
      <Filter>Source Files</Filter>
    </ClCompile>
    <ClCompile Include="l_logic.cpp">
      <Filter>Source Files</Filter>
    </ClCompile>
    <ClCompile Include="l_tech.cpp">
      <Filter>Source Files</Filter>
    </ClCompile>
    <ClCompile Include="l_ua.cpp">
      <Filter>Source Files</Filter>
    </ClCompile>
    <ClCompile Include="s5effects.cpp">
      <Filter>Source Files</Filter>
    </ClCompile>
    <ClCompile Include="s5behaviorProps.cpp">
      <Filter>Source Files</Filter>
    </ClCompile>
    <ClCompile Include="s5behaviors.cpp">
      <Filter>Source Files</Filter>
    </ClCompile>
    <ClCompile Include="s5entity.cpp">
      <Filter>Source Files</Filter>
    </ClCompile>
    <ClCompile Include="s5entitytype.cpp">
      <Filter>Source Files</Filter>
    </ClCompile>
    <ClCompile Include="s5globalObjects.cpp">
      <Filter>Source Files</Filter>
    </ClCompile>
    <ClCompile Include="s5player.cpp">
      <Filter>Source Files</Filter>
    </ClCompile>
    <ClCompile Include="s5widget.cpp">
      <Filter>Source Files</Filter>
    </ClCompile>
    <ClCompile Include="l_ui.cpp">
      <Filter>Source Files</Filter>
    </ClCompile>
    <ClCompile Include="s5tech.cpp">
      <Filter>Source Files</Filter>
    </ClCompile>
    <ClCompile Include="s5framework.cpp">
      <Filter>Source Files</Filter>
    </ClCompile>
    <ClCompile Include="s5tasklist.cpp">
      <Filter>Source Files</Filter>
    </ClCompile>
    <ClCompile Include="s5events.cpp">
      <Filter>Source Files</Filter>
    </ClCompile>
    <ClCompile Include="s5classfactory.cpp">
      <Filter>Source Files</Filter>
    </ClCompile>
    <ClCompile Include="entityiterator.cpp">
      <Filter>Source Files</Filter>
    </ClCompile>
    <ClCompile Include="s5sound.cpp">
      <Filter>Source Files</Filter>
    </ClCompile>
    <ClCompile Include="s5ui.cpp">
      <Filter>Source Files</Filter>
    </ClCompile>
  </ItemGroup>
  <ItemGroup>
    <None Include="Source.def">
      <Filter>Source Files</Filter>
    </None>
    <None Include="lua\S5Lua5.dll" />
    <None Include="CppLogic.lua" />
  </ItemGroup>
  <ItemGroup>
    <Library Include="lua\S5Lua5.lib" />
  </ItemGroup>
  <ItemGroup>
    <ResourceCompile Include="Resource.rc">
      <Filter>Resource Files</Filter>
    </ResourceCompile>
  </ItemGroup>
</Project>