<?xml version="1.0" encoding="utf-8"?>
<Project ToolsVersion="4.0" xmlns="http://schemas.microsoft.com/developer/msbuild/2003">
  <ItemGroup>
    <Filter Include="Source Files">
      <UniqueIdentifier>{4FC737F1-C7A5-4376-A066-2A32D752A2FF}</UniqueIdentifier>
      <Extensions>cpp;c;cc;cxx;c++;cppm;ixx;def;odl;idl;hpj;bat;asm;asmx</Extensions>
    </Filter>
    <Filter Include="Header Files">
      <UniqueIdentifier>{93995380-89BD-4b04-88EB-625FBE52EBFB}</UniqueIdentifier>
      <Extensions>h;hh;hpp;hxx;h++;hm;inl;inc;ipp;xsd</Extensions>
    </Filter>
    <Filter Include="Resource Files">
      <UniqueIdentifier>{67DA6AB6-F800-4c08-8B7A-83BB121AAD01}</UniqueIdentifier>
      <Extensions>rc;ico;cur;bmp;dlg;rc2;rct;bin;rgs;gif;jpg;jpeg;jpe;resx;tiff;tif;png;wav;mfcribbon-ms</Extensions>
    </Filter>
    <Filter Include="shok">
      <UniqueIdentifier>{7ad01b2a-adbd-4258-bc71-1270c3a75ae3}</UniqueIdentifier>
    </Filter>
    <Filter Include="shok\entitytype">
      <UniqueIdentifier>{1218f708-974a-4dd5-93c6-293dada7f382}</UniqueIdentifier>
    </Filter>
    <Filter Include="shok\entity">
      <UniqueIdentifier>{bbf8e01b-4712-43f3-99a2-0b28acd49d2c}</UniqueIdentifier>
    </Filter>
    <Filter Include="shok\events">
      <UniqueIdentifier>{772cebac-6898-460f-aa0d-bfff4d515106}</UniqueIdentifier>
    </Filter>
    <Filter Include="shok\effect">
      <UniqueIdentifier>{67a56991-4893-4063-b849-dab4a302cb31}</UniqueIdentifier>
    </Filter>
    <Filter Include="shok\player">
      <UniqueIdentifier>{8dac7673-600f-4fbf-a555-ee8af0e0d717}</UniqueIdentifier>
    </Filter>
    <Filter Include="shok\tech">
      <UniqueIdentifier>{ccdb944a-e078-451e-a49c-439db6e7321c}</UniqueIdentifier>
    </Filter>
    <Filter Include="shok\globals">
      <UniqueIdentifier>{3e1b7796-d47e-4431-aefd-6c86ea6bfe8a}</UniqueIdentifier>
    </Filter>
    <Filter Include="lua">
      <UniqueIdentifier>{97436b4a-06e4-4301-824e-0a1fa9d62bb7}</UniqueIdentifier>
    </Filter>
    <Filter Include="shok\ui">
      <UniqueIdentifier>{18904ff9-e4fb-440d-846b-8806b0eee2e8}</UniqueIdentifier>
    </Filter>
    <Filter Include="shok\engine">
      <UniqueIdentifier>{52775156-67e0-4b57-822e-136c294b1a87}</UniqueIdentifier>
    </Filter>
    <Filter Include="shok\sound">
      <UniqueIdentifier>{dffe835b-2c01-4134-ab45-63db55ea84a0}</UniqueIdentifier>
    </Filter>
    <Filter Include="luafuncs">
      <UniqueIdentifier>{5eb05b2f-be0b-468d-8590-292f15d17f28}</UniqueIdentifier>
    </Filter>
    <Filter Include="utility">
      <UniqueIdentifier>{909c9675-a836-4937-a838-60d3df65811d}</UniqueIdentifier>
    </Filter>
    <Filter Include="doc">
      <UniqueIdentifier>{41f84729-4e82-4d75-a339-5ba9990d81b5}</UniqueIdentifier>
    </Filter>
  </ItemGroup>
  <ItemGroup>
    <ClInclude Include="pch.h">
      <Filter>Header Files</Filter>
    </ClInclude>
    <ClInclude Include="resource.h">
      <Filter>Header Files</Filter>
    </ClInclude>
    <ClInclude Include="s5_mem.h">
      <Filter>shok</Filter>
    </ClInclude>
    <ClInclude Include="s5_datastructures.h">
      <Filter>shok</Filter>
    </ClInclude>
    <ClInclude Include="s5_forwardDecls.h">
      <Filter>shok</Filter>
    </ClInclude>
    <ClInclude Include="s5_behaviorProps.h">
      <Filter>shok\entitytype</Filter>
    </ClInclude>
    <ClInclude Include="s5_defines.h">
      <Filter>shok</Filter>
    </ClInclude>
    <ClInclude Include="s5_entitytype.h">
      <Filter>shok\entitytype</Filter>
    </ClInclude>
    <ClInclude Include="s5_behaviors.h">
      <Filter>shok\entity</Filter>
    </ClInclude>
    <ClInclude Include="s5_entity.h">
      <Filter>shok\entity</Filter>
    </ClInclude>
    <ClInclude Include="s5_entitydisplay.h">
      <Filter>shok\entity</Filter>
    </ClInclude>
    <ClInclude Include="s5_events.h">
      <Filter>shok\events</Filter>
    </ClInclude>
    <ClInclude Include="s5_netevents.h">
      <Filter>shok\events</Filter>
    </ClInclude>
    <ClInclude Include="s5_idmanager.h">
      <Filter>shok\globals</Filter>
    </ClInclude>
    <ClInclude Include="s5_exception.h">
      <Filter>shok</Filter>
    </ClInclude>
    <ClInclude Include="s5_cutscene.h">
      <Filter>shok\globals</Filter>
    </ClInclude>
    <ClInclude Include="s5_entityandeffectmanager.h">
      <Filter>shok\globals</Filter>
    </ClInclude>
    <ClInclude Include="s5_maplogic.h">
      <Filter>shok\globals</Filter>
    </ClInclude>
    <ClInclude Include="s5_mapdisplay.h">
      <Filter>shok\globals</Filter>
    </ClInclude>
    <ClInclude Include="s5_config.h">
      <Filter>shok\globals</Filter>
    </ClInclude>
    <ClInclude Include="lua50\lauxlib.h">
      <Filter>lua</Filter>
    </ClInclude>
    <ClInclude Include="lua50\lua.h">
      <Filter>lua</Filter>
    </ClInclude>
    <ClInclude Include="lua50\lualib.h">
      <Filter>lua</Filter>
    </ClInclude>
    <ClInclude Include="Luapp\luapp50.h">
      <Filter>lua</Filter>
    </ClInclude>
    <ClInclude Include="s5_scriptsystem.h">
      <Filter>shok</Filter>
    </ClInclude>
    <ClInclude Include="s5_filesystem.h">
      <Filter>shok\globals</Filter>
    </ClInclude>
    <ClInclude Include="s5_guistates.h">
      <Filter>shok\ui</Filter>
    </ClInclude>
    <ClInclude Include="Luapp\constexprTypename.h">
      <Filter>lua</Filter>
    </ClInclude>
    <ClInclude Include="l_api.h">
      <Filter>luafuncs</Filter>
    </ClInclude>
    <ClInclude Include="l_mem.h">
      <Filter>luafuncs</Filter>
    </ClInclude>
    <ClInclude Include="l_effect.h">
      <Filter>luafuncs</Filter>
    </ClInclude>
    <ClInclude Include="l_combat.h">
      <Filter>luafuncs</Filter>
    </ClInclude>
    <ClInclude Include="l_entity.h">
      <Filter>luafuncs</Filter>
    </ClInclude>
    <ClInclude Include="l_entitytype.h">
      <Filter>luafuncs</Filter>
    </ClInclude>
    <ClInclude Include="l_logic.h">
      <Filter>luafuncs</Filter>
    </ClInclude>
    <ClInclude Include="l_tech.h">
      <Filter>luafuncs</Filter>
    </ClInclude>
    <ClInclude Include="l_ui.h">
      <Filter>luafuncs</Filter>
    </ClInclude>
    <ClInclude Include="l_ua.h">
      <Filter>luafuncs</Filter>
    </ClInclude>
    <ClInclude Include="luaext.h">
      <Filter>lua</Filter>
    </ClInclude>
    <ClInclude Include="s5_baseDefs.h">
      <Filter>shok</Filter>
    </ClInclude>
    <ClInclude Include="hooks.h">
      <Filter>utility</Filter>
    </ClInclude>
    <ClInclude Include="s5_classfactory.h">
      <Filter>shok\globals</Filter>
    </ClInclude>
    <ClInclude Include="s5_effects.h">
      <Filter>shok\effect</Filter>
    </ClInclude>
    <ClInclude Include="s5_framework.h">
      <Filter>shok\globals</Filter>
    </ClInclude>
    <ClInclude Include="s5_player.h">
      <Filter>shok\player</Filter>
    </ClInclude>
    <ClInclude Include="s5_RWEngine.h">
      <Filter>shok\engine</Filter>
    </ClInclude>
    <ClInclude Include="s5_sound.h">
      <Filter>shok\sound</Filter>
    </ClInclude>
    <ClInclude Include="s5_tasklist.h">
      <Filter>shok\entity</Filter>
    </ClInclude>
    <ClInclude Include="s5_tech.h">
      <Filter>shok\tech</Filter>
    </ClInclude>
    <ClInclude Include="s5_widget.h">
      <Filter>shok\ui</Filter>
    </ClInclude>
    <ClInclude Include="s5_ui.h">
      <Filter>shok\ui</Filter>
    </ClInclude>
    <ClInclude Include="entityiterator.h">
      <Filter>utility</Filter>
    </ClInclude>
    <ClInclude Include="luaserializer.h">
      <Filter>utility</Filter>
    </ClInclude>
    <ClInclude Include="s5_glue.h">
      <Filter>shok\globals</Filter>
    </ClInclude>
    <ClInclude Include="modloader.h">
      <Filter>utility</Filter>
    </ClInclude>
    <ClInclude Include="s5_effecttype.h">
      <Filter>shok\effect</Filter>
    </ClInclude>
    <ClInclude Include="s5_staticlist.h">
      <Filter>shok\globals</Filter>
    </ClInclude>
    <ClInclude Include="dump_guitextures.h">
      <Filter>utility</Filter>
    </ClInclude>
    <ClInclude Include="enumflags.h">
      <Filter>utility</Filter>
    </ClInclude>
    <ClInclude Include="s5_RWE_particles.h">
      <Filter>shok\engine</Filter>
    </ClInclude>
    <ClInclude Include="s5_RWE_anim.h">
      <Filter>shok\engine</Filter>
    </ClInclude>
    <ClInclude Include="s5_BBRw.h">
      <Filter>shok\engine</Filter>
    </ClInclude>
    <ClInclude Include="mod.h">
      <Filter>utility</Filter>
    </ClInclude>
    <ClInclude Include="s5_RWE_2d.h">
      <Filter>shok\engine</Filter>
    </ClInclude>
    <ClInclude Include="s5_animset.h">
      <Filter>shok\entity</Filter>
    </ClInclude>
    <ClInclude Include="savegame_extra.h">
      <Filter>utility</Filter>
    </ClInclude>
    <ClInclude Include="directx.h">
      <Filter>shok\engine</Filter>
    </ClInclude>
    <ClInclude Include="EntityAddonData.h">
      <Filter>utility</Filter>
    </ClInclude>
    <ClInclude Include="s5_RWE_enums.h">
      <Filter>shok\engine</Filter>
    </ClInclude>
    <ClInclude Include="s5_RWE_3d.h">
      <Filter>shok\engine</Filter>
    </ClInclude>
    <ClInclude Include="s5_RWE_io.h">
      <Filter>shok\engine</Filter>
    </ClInclude>
    <ClInclude Include="ModBehavior.h">
      <Filter>utility</Filter>
    </ClInclude>
    <ClInclude Include="s5_entityiterators.h">
      <Filter>shok\globals</Filter>
    </ClInclude>
    <ClInclude Include="s5_enumdump.h">
      <Filter>shok</Filter>
    </ClInclude>
    <ClInclude Include="ModUI.h">
      <Filter>utility</Filter>
    </ClInclude>
    <ClInclude Include="ModConfig.h">
      <Filter>utility</Filter>
    </ClInclude>
    <ClInclude Include="s5_baseprops.h">
      <Filter>shok\entity</Filter>
    </ClInclude>
    <ClInclude Include="Luapp\luapp_common.h">
      <Filter>lua</Filter>
    </ClInclude>
    <ClInclude Include="Luapp\luapp_decorator.h">
      <Filter>lua</Filter>
    </ClInclude>
    <ClInclude Include="Luapp\luapp_userdata.h">
      <Filter>lua</Filter>
    </ClInclude>
    <ClInclude Include="Luapp\luapp50_d.h">
      <Filter>lua</Filter>
    </ClInclude>
    <ClInclude Include="EnumIdManagerMagic.h">
      <Filter>utility</Filter>
    </ClInclude>
    <ClInclude Include="StringUtility.h">
      <Filter>utility</Filter>
    </ClInclude>
    <ClInclude Include="LuaEventInterface.h">
      <Filter>utility</Filter>
    </ClInclude>
    <ClInclude Include="ConstexprString.h">
      <Filter>utility</Filter>
    </ClInclude>
    <ClInclude Include="WinAPIUtil.h">
      <Filter>utility</Filter>
    </ClInclude>
  </ItemGroup>
  <ItemGroup>
    <ClCompile Include="dllmain.cpp">
      <Filter>Source Files</Filter>
    </ClCompile>
    <ClCompile Include="pch.cpp">
      <Filter>Source Files</Filter>
    </ClCompile>
    <ClCompile Include="s5_datastructures.cpp">
      <Filter>shok</Filter>
    </ClCompile>
    <ClCompile Include="s5_behaviorProps.cpp">
      <Filter>shok\entitytype</Filter>
    </ClCompile>
    <ClCompile Include="s5_entitytype.cpp">
      <Filter>shok\entitytype</Filter>
    </ClCompile>
    <ClCompile Include="s5_behaviors.cpp">
      <Filter>shok\entity</Filter>
    </ClCompile>
    <ClCompile Include="s5_entity.cpp">
      <Filter>shok\entity</Filter>
    </ClCompile>
    <ClCompile Include="s5_entitydisplay.cpp">
      <Filter>shok\entity</Filter>
    </ClCompile>
    <ClCompile Include="s5_events.cpp">
      <Filter>shok\events</Filter>
    </ClCompile>
    <ClCompile Include="s5_netevents.cpp">
      <Filter>shok\events</Filter>
    </ClCompile>
    <ClCompile Include="s5_idmanager.cpp">
      <Filter>shok\globals</Filter>
    </ClCompile>
    <ClCompile Include="s5_maplogic.cpp">
      <Filter>shok\globals</Filter>
    </ClCompile>
    <ClCompile Include="s5_mapdisplay.cpp">
      <Filter>shok\globals</Filter>
    </ClCompile>
    <ClCompile Include="s5_config.cpp">
      <Filter>shok\globals</Filter>
    </ClCompile>
    <ClCompile Include="Luapp\luapp50.cpp">
      <Filter>lua</Filter>
    </ClCompile>
    <ClCompile Include="s5_scriptsystem.cpp">
      <Filter>shok</Filter>
    </ClCompile>
    <ClCompile Include="s5_filesystem.cpp">
      <Filter>shok\globals</Filter>
    </ClCompile>
    <ClCompile Include="s5_guistates.cpp">
      <Filter>shok\ui</Filter>
    </ClCompile>
    <ClCompile Include="l_api.cpp">
      <Filter>luafuncs</Filter>
    </ClCompile>
    <ClCompile Include="l_mem.cpp">
      <Filter>luafuncs</Filter>
    </ClCompile>
    <ClCompile Include="l_effect.cpp">
      <Filter>luafuncs</Filter>
    </ClCompile>
    <ClCompile Include="l_combat.cpp">
      <Filter>luafuncs</Filter>
    </ClCompile>
    <ClCompile Include="l_entity.cpp">
      <Filter>luafuncs</Filter>
    </ClCompile>
    <ClCompile Include="l_entitytype.cpp">
      <Filter>luafuncs</Filter>
    </ClCompile>
    <ClCompile Include="l_logic.cpp">
      <Filter>luafuncs</Filter>
    </ClCompile>
    <ClCompile Include="l_tech.cpp">
      <Filter>luafuncs</Filter>
    </ClCompile>
    <ClCompile Include="l_ui.cpp">
      <Filter>luafuncs</Filter>
    </ClCompile>
    <ClCompile Include="l_ua.cpp">
      <Filter>luafuncs</Filter>
    </ClCompile>
    <ClCompile Include="luaext.cpp">
      <Filter>lua</Filter>
    </ClCompile>
    <ClCompile Include="s5_baseDefs.cpp">
      <Filter>shok</Filter>
    </ClCompile>
    <ClCompile Include="s5_classfactory.cpp">
      <Filter>shok\globals</Filter>
    </ClCompile>
    <ClCompile Include="s5_effects.cpp">
      <Filter>shok\effect</Filter>
    </ClCompile>
    <ClCompile Include="s5_framework.cpp">
      <Filter>shok\globals</Filter>
    </ClCompile>
    <ClCompile Include="s5_player.cpp">
      <Filter>shok\player</Filter>
    </ClCompile>
    <ClCompile Include="s5_sound.cpp">
      <Filter>shok\sound</Filter>
    </ClCompile>
    <ClCompile Include="s5_tasklist.cpp">
      <Filter>shok\entity</Filter>
    </ClCompile>
    <ClCompile Include="s5_tech.cpp">
      <Filter>shok\tech</Filter>
    </ClCompile>
    <ClCompile Include="s5_ui.cpp">
      <Filter>shok\ui</Filter>
    </ClCompile>
    <ClCompile Include="s5_widget.cpp">
      <Filter>shok\ui</Filter>
    </ClCompile>
    <ClCompile Include="entityiterator.cpp">
      <Filter>utility</Filter>
    </ClCompile>
    <ClCompile Include="luaserializer.cpp">
      <Filter>utility</Filter>
    </ClCompile>
    <ClCompile Include="hooks.cpp">
      <Filter>utility</Filter>
    </ClCompile>
    <ClCompile Include="modloader.cpp">
      <Filter>utility</Filter>
    </ClCompile>
    <ClCompile Include="s5_glue.cpp">
      <Filter>shok\globals</Filter>
    </ClCompile>
    <ClCompile Include="s5_RWEngine.cpp">
      <Filter>shok\engine</Filter>
    </ClCompile>
    <ClCompile Include="s5_staticlist.cpp">
      <Filter>shok\globals</Filter>
    </ClCompile>
    <ClCompile Include="s5_RWE_particles.cpp">
      <Filter>shok\engine</Filter>
    </ClCompile>
    <ClCompile Include="s5_RWE_anim.cpp">
      <Filter>shok\engine</Filter>
    </ClCompile>
    <ClCompile Include="s5_BBRw.cpp">
      <Filter>shok\engine</Filter>
    </ClCompile>
    <ClCompile Include="s5_RWE_2d.cpp">
      <Filter>shok\engine</Filter>
    </ClCompile>
    <ClCompile Include="s5_animset.cpp">
      <Filter>shok\entity</Filter>
    </ClCompile>
    <ClCompile Include="savegame_extra.cpp">
      <Filter>utility</Filter>
    </ClCompile>
    <ClCompile Include="EntityAddonData.cpp">
      <Filter>utility</Filter>
    </ClCompile>
    <ClCompile Include="ModBehavior.cpp">
      <Filter>utility</Filter>
    </ClCompile>
    <ClCompile Include="ModUI.cpp">
      <Filter>utility</Filter>
    </ClCompile>
    <ClCompile Include="ModConfig.cpp">
      <Filter>utility</Filter>
    </ClCompile>
    <ClCompile Include="s5_baseprops.cpp">
      <Filter>shok\entity</Filter>
    </ClCompile>
    <ClCompile Include="StringUtil.cpp">
      <Filter>utility</Filter>
    </ClCompile>
    <ClCompile Include="WinAPIUtil.cpp">
      <Filter>utility</Filter>
    </ClCompile>
  </ItemGroup>
  <ItemGroup>
    <None Include="Source.def">
      <Filter>Source Files</Filter>
    </None>
    <None Include="cpp.hint" />
    <None Include="doc\CppLogic.lua">
      <Filter>doc</Filter>
    </None>
    <None Include="doc\ModLoader.lua">
      <Filter>doc</Filter>
    </None>
    <None Include="doc\ModPackLoader.lua">
      <Filter>doc</Filter>
    </None>
    <None Include="vcpkg.json" />
  </ItemGroup>
  <ItemGroup>
    <Library Include="lua50\S5Lua5.lib" />
  </ItemGroup>
  <ItemGroup>
    <ResourceCompile Include="Resource.rc">
      <Filter>Resource Files</Filter>
    </ResourceCompile>
  </ItemGroup>
  <ItemGroup>
    <Text Include="doc\data_notes.txt">
      <Filter>doc</Filter>
    </Text>
    <Text Include="memedits.txt">
      <Filter>doc</Filter>
    </Text>
    <Text Include="doc\gamemechanics_documentation.txt">
      <Filter>doc</Filter>
    </Text>
  </ItemGroup>
  <ItemGroup>
    <Xml Include="doc\ModPack.xml">
      <Filter>doc</Filter>
    </Xml>
  </ItemGroup>
</Project>